// !$*UTF8*$!
{
	archiveVersion = 1;
	classes = {
	};
	objectVersion = 46;
	objects = {

/* Begin PBXBuildFile section */
		066C2DD9B1796DFC77C679A5 /* Pods_DataBindings_demo.framework in Frameworks */ = {isa = PBXBuildFile; fileRef = EDE93D7EA9868B2B4622AC7A /* Pods_DataBindings_demo.framework */; };
		5520DFFD1DD0DBBA00ADB9A4 /* AppDelegate.swift in Sources */ = {isa = PBXBuildFile; fileRef = 5520DFFC1DD0DBBA00ADB9A4 /* AppDelegate.swift */; };
		5520DFFF1DD0DBBA00ADB9A4 /* ViewController.swift in Sources */ = {isa = PBXBuildFile; fileRef = 5520DFFE1DD0DBBA00ADB9A4 /* ViewController.swift */; };
		5520E0021DD0DBBA00ADB9A4 /* Main.storyboard in Resources */ = {isa = PBXBuildFile; fileRef = 5520E0001DD0DBBA00ADB9A4 /* Main.storyboard */; };
		5520E0041DD0DBBA00ADB9A4 /* Assets.xcassets in Resources */ = {isa = PBXBuildFile; fileRef = 5520E0031DD0DBBA00ADB9A4 /* Assets.xcassets */; };
		5520E0071DD0DBBA00ADB9A4 /* LaunchScreen.storyboard in Resources */ = {isa = PBXBuildFile; fileRef = 5520E0051DD0DBBA00ADB9A4 /* LaunchScreen.storyboard */; };
		5520E00F1DD0DDE900ADB9A4 /* Person.swift in Sources */ = {isa = PBXBuildFile; fileRef = 5520E00E1DD0DDE900ADB9A4 /* Person.swift */; };
/* End PBXBuildFile section */

/* Begin PBXFileReference section */
		019ADB7232D388FE4FB517B7 /* Pods-DataBindings-demo.release.xcconfig */ = {isa = PBXFileReference; includeInIndex = 1; lastKnownFileType = text.xcconfig; name = "Pods-DataBindings-demo.release.xcconfig"; path = "Pods/Target Support Files/Pods-DataBindings-demo/Pods-DataBindings-demo.release.xcconfig"; sourceTree = "<group>"; };
		52F8AA81091C9826644D5FBF /* Pods-DataBindings-demo.debug.xcconfig */ = {isa = PBXFileReference; includeInIndex = 1; lastKnownFileType = text.xcconfig; name = "Pods-DataBindings-demo.debug.xcconfig"; path = "Pods/Target Support Files/Pods-DataBindings-demo/Pods-DataBindings-demo.debug.xcconfig"; sourceTree = "<group>"; };
		5520DFF91DD0DBBA00ADB9A4 /* DataBindings-demo.app */ = {isa = PBXFileReference; explicitFileType = wrapper.application; includeInIndex = 0; path = "DataBindings-demo.app"; sourceTree = BUILT_PRODUCTS_DIR; };
		5520DFFC1DD0DBBA00ADB9A4 /* AppDelegate.swift */ = {isa = PBXFileReference; lastKnownFileType = sourcecode.swift; path = AppDelegate.swift; sourceTree = "<group>"; };
		5520DFFE1DD0DBBA00ADB9A4 /* ViewController.swift */ = {isa = PBXFileReference; lastKnownFileType = sourcecode.swift; path = ViewController.swift; sourceTree = "<group>"; };
		5520E0011DD0DBBA00ADB9A4 /* Base */ = {isa = PBXFileReference; lastKnownFileType = file.storyboard; name = Base; path = Base.lproj/Main.storyboard; sourceTree = "<group>"; };
		5520E0031DD0DBBA00ADB9A4 /* Assets.xcassets */ = {isa = PBXFileReference; lastKnownFileType = folder.assetcatalog; path = Assets.xcassets; sourceTree = "<group>"; };
		5520E0061DD0DBBA00ADB9A4 /* Base */ = {isa = PBXFileReference; lastKnownFileType = file.storyboard; name = Base; path = Base.lproj/LaunchScreen.storyboard; sourceTree = "<group>"; };
		5520E0081DD0DBBA00ADB9A4 /* Info.plist */ = {isa = PBXFileReference; lastKnownFileType = text.plist.xml; path = Info.plist; sourceTree = "<group>"; };
		5520E00E1DD0DDE900ADB9A4 /* Person.swift */ = {isa = PBXFileReference; fileEncoding = 4; lastKnownFileType = sourcecode.swift; path = Person.swift; sourceTree = "<group>"; };
		EDE93D7EA9868B2B4622AC7A /* Pods_DataBindings_demo.framework */ = {isa = PBXFileReference; explicitFileType = wrapper.framework; includeInIndex = 0; path = Pods_DataBindings_demo.framework; sourceTree = BUILT_PRODUCTS_DIR; };
/* End PBXFileReference section */

/* Begin PBXFrameworksBuildPhase section */
		5520DFF61DD0DBBA00ADB9A4 /* Frameworks */ = {
			isa = PBXFrameworksBuildPhase;
			buildActionMask = 2147483647;
			files = (
				066C2DD9B1796DFC77C679A5 /* Pods_DataBindings_demo.framework in Frameworks */,
			);
			runOnlyForDeploymentPostprocessing = 0;
		};
/* End PBXFrameworksBuildPhase section */

/* Begin PBXGroup section */
		5520DFF01DD0DBBA00ADB9A4 = {
			isa = PBXGroup;
			children = (
				5520DFFB1DD0DBBA00ADB9A4 /* DataBindings-demo */,
				5520DFFA1DD0DBBA00ADB9A4 /* Products */,
				E7908C5B5781AD36DC06773B /* Pods */,
				B86E210DCD598FA4F7EF9330 /* Frameworks */,
			);
			sourceTree = "<group>";
		};
		5520DFFA1DD0DBBA00ADB9A4 /* Products */ = {
			isa = PBXGroup;
			children = (
				5520DFF91DD0DBBA00ADB9A4 /* DataBindings-demo.app */,
			);
			name = Products;
			sourceTree = "<group>";
		};
		5520DFFB1DD0DBBA00ADB9A4 /* DataBindings-demo */ = {
			isa = PBXGroup;
			children = (
				5520DFFC1DD0DBBA00ADB9A4 /* AppDelegate.swift */,
				5520DFFE1DD0DBBA00ADB9A4 /* ViewController.swift */,
				5520E0001DD0DBBA00ADB9A4 /* Main.storyboard */,
				5520E0031DD0DBBA00ADB9A4 /* Assets.xcassets */,
				5520E0051DD0DBBA00ADB9A4 /* LaunchScreen.storyboard */,
				5520E0081DD0DBBA00ADB9A4 /* Info.plist */,
				5520E00E1DD0DDE900ADB9A4 /* Person.swift */,
			);
			path = "DataBindings-demo";
			sourceTree = "<group>";
		};
		B86E210DCD598FA4F7EF9330 /* Frameworks */ = {
			isa = PBXGroup;
			children = (
				EDE93D7EA9868B2B4622AC7A /* Pods_DataBindings_demo.framework */,
			);
			name = Frameworks;
			sourceTree = "<group>";
		};
		E7908C5B5781AD36DC06773B /* Pods */ = {
			isa = PBXGroup;
			children = (
				52F8AA81091C9826644D5FBF /* Pods-DataBindings-demo.debug.xcconfig */,
				019ADB7232D388FE4FB517B7 /* Pods-DataBindings-demo.release.xcconfig */,
			);
			name = Pods;
			sourceTree = "<group>";
		};
/* End PBXGroup section */

/* Begin PBXNativeTarget section */
		5520DFF81DD0DBBA00ADB9A4 /* DataBindings-demo */ = {
			isa = PBXNativeTarget;
			buildConfigurationList = 5520E00B1DD0DBBA00ADB9A4 /* Build configuration list for PBXNativeTarget "DataBindings-demo" */;
			buildPhases = (
				BBCAF4622AF2A62535AC9104 /* [CP] Check Pods Manifest.lock */,
				5520DFF51DD0DBBA00ADB9A4 /* Sources */,
				5520DFF61DD0DBBA00ADB9A4 /* Frameworks */,
				5520DFF71DD0DBBA00ADB9A4 /* Resources */,
				A4042AF5E95300DF603A2770 /* [CP] Embed Pods Frameworks */,
				C9E6A2FCAD55FE2B8D55197A /* [CP] Copy Pods Resources */,
			);
			buildRules = (
			);
			dependencies = (
			);
			name = "DataBindings-demo";
			productName = "DataBindings-demo";
			productReference = 5520DFF91DD0DBBA00ADB9A4 /* DataBindings-demo.app */;
			productType = "com.apple.product-type.application";
		};
/* End PBXNativeTarget section */

/* Begin PBXProject section */
		5520DFF11DD0DBBA00ADB9A4 /* Project object */ = {
			isa = PBXProject;
			attributes = {
				LastSwiftUpdateCheck = 0800;
				LastUpgradeCheck = 0800;
				ORGANIZATIONNAME = "Nikolas Burk";
				TargetAttributes = {
					5520DFF81DD0DBBA00ADB9A4 = {
						CreatedOnToolsVersion = 8.0;
						ProvisioningStyle = Automatic;
					};
				};
			};
			buildConfigurationList = 5520DFF41DD0DBBA00ADB9A4 /* Build configuration list for PBXProject "DataBindings-demo" */;
			compatibilityVersion = "Xcode 3.2";
			developmentRegion = English;
			hasScannedForEncodings = 0;
			knownRegions = (
				en,
				Base,
			);
			mainGroup = 5520DFF01DD0DBBA00ADB9A4;
			productRefGroup = 5520DFFA1DD0DBBA00ADB9A4 /* Products */;
			projectDirPath = "";
			projectRoot = "";
			targets = (
				5520DFF81DD0DBBA00ADB9A4 /* DataBindings-demo */,
			);
		};
/* End PBXProject section */

/* Begin PBXResourcesBuildPhase section */
		5520DFF71DD0DBBA00ADB9A4 /* Resources */ = {
			isa = PBXResourcesBuildPhase;
			buildActionMask = 2147483647;
			files = (
				5520E0071DD0DBBA00ADB9A4 /* LaunchScreen.storyboard in Resources */,
				5520E0041DD0DBBA00ADB9A4 /* Assets.xcassets in Resources */,
				5520E0021DD0DBBA00ADB9A4 /* Main.storyboard in Resources */,
			);
			runOnlyForDeploymentPostprocessing = 0;
		};
/* End PBXResourcesBuildPhase section */

/* Begin PBXShellScriptBuildPhase section */
		A4042AF5E95300DF603A2770 /* [CP] Embed Pods Frameworks */ = {
			isa = PBXShellScriptBuildPhase;
			buildActionMask = 2147483647;
			files = (
			);
			inputPaths = (
			);
			name = "[CP] Embed Pods Frameworks";
			outputPaths = (
			);
			runOnlyForDeploymentPostprocessing = 0;
			shellPath = /bin/sh;
			shellScript = "\"${SRCROOT}/Pods/Target Support Files/Pods-DataBindings-demo/Pods-DataBindings-demo-frameworks.sh\"\n";
			showEnvVarsInLog = 0;
		};
		BBCAF4622AF2A62535AC9104 /* [CP] Check Pods Manifest.lock */ = {
			isa = PBXShellScriptBuildPhase;
			buildActionMask = 2147483647;
			files = (
			);
			inputPaths = (
			);
			name = "[CP] Check Pods Manifest.lock";
			outputPaths = (
			);
			runOnlyForDeploymentPostprocessing = 0;
			shellPath = /bin/sh;
			shellScript = "diff \"${PODS_ROOT}/../Podfile.lock\" \"${PODS_ROOT}/Manifest.lock\" > /dev/null\nif [ $? != 0 ] ; then\n    # print error to STDERR\n    echo \"error: The sandbox is not in sync with the Podfile.lock. Run \'pod install\' or update your CocoaPods installation.\" >&2\n    exit 1\nfi\n";
			showEnvVarsInLog = 0;
		};
		C9E6A2FCAD55FE2B8D55197A /* [CP] Copy Pods Resources */ = {
			isa = PBXShellScriptBuildPhase;
			buildActionMask = 2147483647;
			files = (
			);
			inputPaths = (
			);
			name = "[CP] Copy Pods Resources";
			outputPaths = (
			);
			runOnlyForDeploymentPostprocessing = 0;
			shellPath = /bin/sh;
			shellScript = "\"${SRCROOT}/Pods/Target Support Files/Pods-DataBindings-demo/Pods-DataBindings-demo-resources.sh\"\n";
			showEnvVarsInLog = 0;
		};
/* End PBXShellScriptBuildPhase section */

/* Begin PBXSourcesBuildPhase section */
		5520DFF51DD0DBBA00ADB9A4 /* Sources */ = {
			isa = PBXSourcesBuildPhase;
			buildActionMask = 2147483647;
			files = (
				5520E00F1DD0DDE900ADB9A4 /* Person.swift in Sources */,
				5520DFFF1DD0DBBA00ADB9A4 /* ViewController.swift in Sources */,
				5520DFFD1DD0DBBA00ADB9A4 /* AppDelegate.swift in Sources */,
			);
			runOnlyForDeploymentPostprocessing = 0;
		};
/* End PBXSourcesBuildPhase section */

/* Begin PBXVariantGroup section */
		5520E0001DD0DBBA00ADB9A4 /* Main.storyboard */ = {
			isa = PBXVariantGroup;
			children = (
				5520E0011DD0DBBA00ADB9A4 /* Base */,
			);
			name = Main.storyboard;
			sourceTree = "<group>";
		};
		5520E0051DD0DBBA00ADB9A4 /* LaunchScreen.storyboard */ = {
			isa = PBXVariantGroup;
			children = (
				5520E0061DD0DBBA00ADB9A4 /* Base */,
			);
			name = LaunchScreen.storyboard;
			sourceTree = "<group>";
		};
/* End PBXVariantGroup section */

/* Begin XCBuildConfiguration section */
		5520E0091DD0DBBA00ADB9A4 /* Debug */ = {
			isa = XCBuildConfiguration;
			buildSettings = {
				ALWAYS_SEARCH_USER_PATHS = NO;
				CLANG_ANALYZER_NONNULL = YES;
				CLANG_CXX_LANGUAGE_STANDARD = "gnu++0x";
				CLANG_CXX_LIBRARY = "libc++";
				CLANG_ENABLE_MODULES = YES;
				CLANG_ENABLE_OBJC_ARC = YES;
				CLANG_WARN_BOOL_CONVERSION = YES;
				CLANG_WARN_CONSTANT_CONVERSION = YES;
				CLANG_WARN_DIRECT_OBJC_ISA_USAGE = YES_ERROR;
				CLANG_WARN_DOCUMENTATION_COMMENTS = YES;
				CLANG_WARN_EMPTY_BODY = YES;
				CLANG_WARN_ENUM_CONVERSION = YES;
				CLANG_WARN_INFINITE_RECURSION = YES;
				CLANG_WARN_INT_CONVERSION = YES;
				CLANG_WARN_OBJC_ROOT_CLASS = YES_ERROR;
				CLANG_WARN_SUSPICIOUS_MOVES = YES;
				CLANG_WARN_UNREACHABLE_CODE = YES;
				CLANG_WARN__DUPLICATE_METHOD_MATCH = YES;
				"CODE_SIGN_IDENTITY[sdk=iphoneos*]" = "iPhone Developer";
				COPY_PHASE_STRIP = NO;
				DEBUG_INFORMATION_FORMAT = dwarf;
				ENABLE_STRICT_OBJC_MSGSEND = YES;
				ENABLE_TESTABILITY = YES;
				GCC_C_LANGUAGE_STANDARD = gnu99;
				GCC_DYNAMIC_NO_PIC = NO;
				GCC_NO_COMMON_BLOCKS = YES;
				GCC_OPTIMIZATION_LEVEL = 0;
				GCC_PREPROCESSOR_DEFINITIONS = (
					"DEBUG=1",
					"$(inherited)",
				);
				GCC_WARN_64_TO_32_BIT_CONVERSION = YES;
				GCC_WARN_ABOUT_RETURN_TYPE = YES_ERROR;
				GCC_WARN_UNDECLARED_SELECTOR = YES;
				GCC_WARN_UNINITIALIZED_AUTOS = YES_AGGRESSIVE;
				GCC_WARN_UNUSED_FUNCTION = YES;
				GCC_WARN_UNUSED_VARIABLE = YES;
				IPHONEOS_DEPLOYMENT_TARGET = 10.0;
				MTL_ENABLE_DEBUG_INFO = YES;
				ONLY_ACTIVE_ARCH = YES;
				SDKROOT = iphoneos;
				SWIFT_ACTIVE_COMPILATION_CONDITIONS = DEBUG;
				SWIFT_OPTIMIZATION_LEVEL = "-Onone";
			};
			name = Debug;
		};
		5520E00A1DD0DBBA00ADB9A4 /* Release */ = {
			isa = XCBuildConfiguration;
			buildSettings = {
				ALWAYS_SEARCH_USER_PATHS = NO;
				CLANG_ANALYZER_NONNULL = YES;
				CLANG_CXX_LANGUAGE_STANDARD = "gnu++0x";
				CLANG_CXX_LIBRARY = "libc++";
				CLANG_ENABLE_MODULES = YES;
				CLANG_ENABLE_OBJC_ARC = YES;
				CLANG_WARN_BOOL_CONVERSION = YES;
				CLANG_WARN_CONSTANT_CONVERSION = YES;
				CLANG_WARN_DIRECT_OBJC_ISA_USAGE = YES_ERROR;
				CLANG_WARN_DOCUMENTATION_COMMENTS = YES;
				CLANG_WARN_EMPTY_BODY = YES;
				CLANG_WARN_ENUM_CONVERSION = YES;
				CLANG_WARN_INFINITE_RECURSION = YES;
				CLANG_WARN_INT_CONVERSION = YES;
				CLANG_WARN_OBJC_ROOT_CLASS = YES_ERROR;
				CLANG_WARN_SUSPICIOUS_MOVES = YES;
				CLANG_WARN_UNREACHABLE_CODE = YES;
				CLANG_WARN__DUPLICATE_METHOD_MATCH = YES;
				"CODE_SIGN_IDENTITY[sdk=iphoneos*]" = "iPhone Developer";
				COPY_PHASE_STRIP = NO;
				DEBUG_INFORMATION_FORMAT = "dwarf-with-dsym";
				ENABLE_NS_ASSERTIONS = NO;
				ENABLE_STRICT_OBJC_MSGSEND = YES;
				GCC_C_LANGUAGE_STANDARD = gnu99;
				GCC_NO_COMMON_BLOCKS = YES;
				GCC_WARN_64_TO_32_BIT_CONVERSION = YES;
				GCC_WARN_ABOUT_RETURN_TYPE = YES_ERROR;
				GCC_WARN_UNDECLARED_SELECTOR = YES;
				GCC_WARN_UNINITIALIZED_AUTOS = YES_AGGRESSIVE;
				GCC_WARN_UNUSED_FUNCTION = YES;
				GCC_WARN_UNUSED_VARIABLE = YES;
				IPHONEOS_DEPLOYMENT_TARGET = 10.0;
				MTL_ENABLE_DEBUG_INFO = NO;
				SDKROOT = iphoneos;
				SWIFT_OPTIMIZATION_LEVEL = "-Owholemodule";
				VALIDATE_PRODUCT = YES;
			};
			name = Release;
		};
		5520E00C1DD0DBBA00ADB9A4 /* Debug */ = {
			isa = XCBuildConfiguration;
			baseConfigurationReference = 52F8AA81091C9826644D5FBF /* Pods-DataBindings-demo.debug.xcconfig */;
			buildSettings = {
				ASSETCATALOG_COMPILER_APPICON_NAME = AppIcon;
				INFOPLIST_FILE = "DataBindings-demo/Info.plist";
				LD_RUNPATH_SEARCH_PATHS = "$(inherited) @executable_path/Frameworks";
				PRODUCT_BUNDLE_IDENTIFIER = "com.makeschool.nikolasburk.DataBindings-demo";
				PRODUCT_NAME = "$(TARGET_NAME)";
				SWIFT_VERSION = 3.0;
			};
			name = Debug;
		};
		5520E00D1DD0DBBA00ADB9A4 /* Release */ = {
			isa = XCBuildConfiguration;
			baseConfigurationReference = 019ADB7232D388FE4FB517B7 /* Pods-DataBindings-demo.release.xcconfig */;
			buildSettings = {
				ASSETCATALOG_COMPILER_APPICON_NAME = AppIcon;
				INFOPLIST_FILE = "DataBindings-demo/Info.plist";
				LD_RUNPATH_SEARCH_PATHS = "$(inherited) @executable_path/Frameworks";
				PRODUCT_BUNDLE_IDENTIFIER = "com.makeschool.nikolasburk.DataBindings-demo";
				PRODUCT_NAME = "$(TARGET_NAME)";
				SWIFT_VERSION = 3.0;
			};
			name = Release;
		};
/* End XCBuildConfiguration section */

/* Begin XCConfigurationList section */
		5520DFF41DD0DBBA00ADB9A4 /* Build configuration list for PBXProject "DataBindings-demo" */ = {
			isa = XCConfigurationList;
			buildConfigurations = (
				5520E0091DD0DBBA00ADB9A4 /* Debug */,
				5520E00A1DD0DBBA00ADB9A4 /* Release */,
			);
			defaultConfigurationIsVisible = 0;
			defaultConfigurationName = Release;
		};
		5520E00B1DD0DBBA00ADB9A4 /* Build configuration list for PBXNativeTarget "DataBindings-demo" */ = {
			isa = XCConfigurationList;
			buildConfigurations = (
				5520E00C1DD0DBBA00ADB9A4 /* Debug */,
				5520E00D1DD0DBBA00ADB9A4 /* Release */,
			);
			defaultConfigurationIsVisible = 0;
			defaultConfigurationName = Release;
		};
/* End XCConfigurationList section */
	};
	rootObject = 5520DFF11DD0DBBA00ADB9A4 /* Project object */;
}
