// !$*UTF8*$!
{
	archiveVersion = 1;
	classes = {
	};
	objectVersion = 46;
	objects = {

/* Begin PBXBuildFile section */
		04F61E730530C37FC4A4AB85 /* Pods_GreetingsGenerator_demo.framework in Frameworks */ = {isa = PBXBuildFile; fileRef = 5BC3C3B7542645AAB022B242 /* Pods_GreetingsGenerator_demo.framework */; };
		559D755F1DCB94790005947A /* AppDelegate.swift in Sources */ = {isa = PBXBuildFile; fileRef = 559D755E1DCB94790005947A /* AppDelegate.swift */; };
		559D75611DCB94790005947A /* ViewController.swift in Sources */ = {isa = PBXBuildFile; fileRef = 559D75601DCB94790005947A /* ViewController.swift */; };
		559D75661DCB94790005947A /* Assets.xcassets in Resources */ = {isa = PBXBuildFile; fileRef = 559D75651DCB94790005947A /* Assets.xcassets */; };
		559D75691DCB94790005947A /* LaunchScreen.storyboard in Resources */ = {isa = PBXBuildFile; fileRef = 559D75671DCB94790005947A /* LaunchScreen.storyboard */; };
		559D75711DCB94910005947A /* Main.storyboard in Resources */ = {isa = PBXBuildFile; fileRef = 559D75701DCB94910005947A /* Main.storyboard */; };
/* End PBXBuildFile section */

/* Begin PBXFileReference section */
		559D755B1DCB94790005947A /* GreetingsGenerator-demo.app */ = {isa = PBXFileReference; explicitFileType = wrapper.application; includeInIndex = 0; path = "GreetingsGenerator-demo.app"; sourceTree = BUILT_PRODUCTS_DIR; };
		559D755E1DCB94790005947A /* AppDelegate.swift */ = {isa = PBXFileReference; lastKnownFileType = sourcecode.swift; path = AppDelegate.swift; sourceTree = "<group>"; };
		559D75601DCB94790005947A /* ViewController.swift */ = {isa = PBXFileReference; lastKnownFileType = sourcecode.swift; path = ViewController.swift; sourceTree = "<group>"; };
		559D75651DCB94790005947A /* Assets.xcassets */ = {isa = PBXFileReference; lastKnownFileType = folder.assetcatalog; path = Assets.xcassets; sourceTree = "<group>"; };
		559D75681DCB94790005947A /* Base */ = {isa = PBXFileReference; lastKnownFileType = file.storyboard; name = Base; path = Base.lproj/LaunchScreen.storyboard; sourceTree = "<group>"; };
		559D756A1DCB94790005947A /* Info.plist */ = {isa = PBXFileReference; lastKnownFileType = text.plist.xml; path = Info.plist; sourceTree = "<group>"; };
		559D75701DCB94910005947A /* Main.storyboard */ = {isa = PBXFileReference; fileEncoding = 4; lastKnownFileType = file.storyboard; path = Main.storyboard; sourceTree = "<group>"; };
		5BC3C3B7542645AAB022B242 /* Pods_GreetingsGenerator_demo.framework */ = {isa = PBXFileReference; explicitFileType = wrapper.framework; includeInIndex = 0; path = Pods_GreetingsGenerator_demo.framework; sourceTree = BUILT_PRODUCTS_DIR; };
		5F2C84A80D3841B051C3E3E7 /* Pods-GreetingsGenerator-demo.release.xcconfig */ = {isa = PBXFileReference; includeInIndex = 1; lastKnownFileType = text.xcconfig; name = "Pods-GreetingsGenerator-demo.release.xcconfig"; path = "Pods/Target Support Files/Pods-GreetingsGenerator-demo/Pods-GreetingsGenerator-demo.release.xcconfig"; sourceTree = "<group>"; };
		869B3D6D736E6E5F73FDE743 /* Pods-GreetingsGenerator-demo.debug.xcconfig */ = {isa = PBXFileReference; includeInIndex = 1; lastKnownFileType = text.xcconfig; name = "Pods-GreetingsGenerator-demo.debug.xcconfig"; path = "Pods/Target Support Files/Pods-GreetingsGenerator-demo/Pods-GreetingsGenerator-demo.debug.xcconfig"; sourceTree = "<group>"; };
/* End PBXFileReference section */

/* Begin PBXFrameworksBuildPhase section */
		559D75581DCB94790005947A /* Frameworks */ = {
			isa = PBXFrameworksBuildPhase;
			buildActionMask = 2147483647;
			files = (
				04F61E730530C37FC4A4AB85 /* Pods_GreetingsGenerator_demo.framework in Frameworks */,
			);
			runOnlyForDeploymentPostprocessing = 0;
		};
/* End PBXFrameworksBuildPhase section */

/* Begin PBXGroup section */
		0F3E80ECB154EA4DD396E6B3 /* Frameworks */ = {
			isa = PBXGroup;
			children = (
				5BC3C3B7542645AAB022B242 /* Pods_GreetingsGenerator_demo.framework */,
			);
			name = Frameworks;
			sourceTree = "<group>";
		};
		559D75521DCB94790005947A = {
			isa = PBXGroup;
			children = (
				559D755D1DCB94790005947A /* GreetingsGenerator-demo */,
				559D755C1DCB94790005947A /* Products */,
				B69A86AA5DA8D73A7BE3038D /* Pods */,
				0F3E80ECB154EA4DD396E6B3 /* Frameworks */,
			);
			sourceTree = "<group>";
		};
		559D755C1DCB94790005947A /* Products */ = {
			isa = PBXGroup;
			children = (
				559D755B1DCB94790005947A /* GreetingsGenerator-demo.app */,
			);
			name = Products;
			sourceTree = "<group>";
		};
		559D755D1DCB94790005947A /* GreetingsGenerator-demo */ = {
			isa = PBXGroup;
			children = (
				559D755E1DCB94790005947A /* AppDelegate.swift */,
				559D75601DCB94790005947A /* ViewController.swift */,
				559D75701DCB94910005947A /* Main.storyboard */,
				559D75651DCB94790005947A /* Assets.xcassets */,
				559D75671DCB94790005947A /* LaunchScreen.storyboard */,
				559D756A1DCB94790005947A /* Info.plist */,
			);
			path = "GreetingsGenerator-demo";
			sourceTree = "<group>";
		};
		B69A86AA5DA8D73A7BE3038D /* Pods */ = {
			isa = PBXGroup;
			children = (
				869B3D6D736E6E5F73FDE743 /* Pods-GreetingsGenerator-demo.debug.xcconfig */,
				5F2C84A80D3841B051C3E3E7 /* Pods-GreetingsGenerator-demo.release.xcconfig */,
			);
			name = Pods;
			sourceTree = "<group>";
		};
/* End PBXGroup section */

/* Begin PBXNativeTarget section */
		559D755A1DCB94790005947A /* GreetingsGenerator-demo */ = {
			isa = PBXNativeTarget;
			buildConfigurationList = 559D756D1DCB94790005947A /* Build configuration list for PBXNativeTarget "GreetingsGenerator-demo" */;
			buildPhases = (
				30336D799C197B68A682EA0A /* [CP] Check Pods Manifest.lock */,
				559D75571DCB94790005947A /* Sources */,
				559D75581DCB94790005947A /* Frameworks */,
				559D75591DCB94790005947A /* Resources */,
				D24C77E36031672688CE7538 /* [CP] Embed Pods Frameworks */,
				EF407610523D24C59C359F2E /* [CP] Copy Pods Resources */,
			);
			buildRules = (
			);
			dependencies = (
			);
			name = "GreetingsGenerator-demo";
			productName = "GreetingsGenerator-demo";
			productReference = 559D755B1DCB94790005947A /* GreetingsGenerator-demo.app */;
			productType = "com.apple.product-type.application";
		};
/* End PBXNativeTarget section */

/* Begin PBXProject section */
		559D75531DCB94790005947A /* Project object */ = {
			isa = PBXProject;
			attributes = {
				LastSwiftUpdateCheck = 0800;
				LastUpgradeCheck = 0800;
				ORGANIZATIONNAME = "Nikolas Burk";
				TargetAttributes = {
					559D755A1DCB94790005947A = {
						CreatedOnToolsVersion = 8.0;
						ProvisioningStyle = Automatic;
					};
				};
			};
			buildConfigurationList = 559D75561DCB94790005947A /* Build configuration list for PBXProject "GreetingsGenerator-demo" */;
			compatibilityVersion = "Xcode 3.2";
			developmentRegion = English;
			hasScannedForEncodings = 0;
			knownRegions = (
				en,
				Base,
			);
			mainGroup = 559D75521DCB94790005947A;
			productRefGroup = 559D755C1DCB94790005947A /* Products */;
			projectDirPath = "";
			projectRoot = "";
			targets = (
				559D755A1DCB94790005947A /* GreetingsGenerator-demo */,
			);
		};
/* End PBXProject section */

/* Begin PBXResourcesBuildPhase section */
		559D75591DCB94790005947A /* Resources */ = {
			isa = PBXResourcesBuildPhase;
			buildActionMask = 2147483647;
			files = (
				559D75711DCB94910005947A /* Main.storyboard in Resources */,
				559D75691DCB94790005947A /* LaunchScreen.storyboard in Resources */,
				559D75661DCB94790005947A /* Assets.xcassets in Resources */,
			);
			runOnlyForDeploymentPostprocessing = 0;
		};
/* End PBXResourcesBuildPhase section */

/* Begin PBXShellScriptBuildPhase section */
		30336D799C197B68A682EA0A /* [CP] Check Pods Manifest.lock */ = {
			isa = PBXShellScriptBuildPhase;
			buildActionMask = 2147483647;
			files = (
			);
			inputPaths = (
			);
			name = "[CP] Check Pods Manifest.lock";
			outputPaths = (
			);
			runOnlyForDeploymentPostprocessing = 0;
			shellPath = /bin/sh;
			shellScript = "diff \"${PODS_ROOT}/../Podfile.lock\" \"${PODS_ROOT}/Manifest.lock\" > /dev/null\nif [ $? != 0 ] ; then\n    # print error to STDERR\n    echo \"error: The sandbox is not in sync with the Podfile.lock. Run \'pod install\' or update your CocoaPods installation.\" >&2\n    exit 1\nfi\n";
			showEnvVarsInLog = 0;
		};
		D24C77E36031672688CE7538 /* [CP] Embed Pods Frameworks */ = {
			isa = PBXShellScriptBuildPhase;
			buildActionMask = 2147483647;
			files = (
			);
			inputPaths = (
			);
			name = "[CP] Embed Pods Frameworks";
			outputPaths = (
			);
			runOnlyForDeploymentPostprocessing = 0;
			shellPath = /bin/sh;
			shellScript = "\"${SRCROOT}/Pods/Target Support Files/Pods-GreetingsGenerator-demo/Pods-GreetingsGenerator-demo-frameworks.sh\"\n";
			showEnvVarsInLog = 0;
		};
		EF407610523D24C59C359F2E /* [CP] Copy Pods Resources */ = {
			isa = PBXShellScriptBuildPhase;
			buildActionMask = 2147483647;
			files = (
			);
			inputPaths = (
			);
			name = "[CP] Copy Pods Resources";
			outputPaths = (
			);
			runOnlyForDeploymentPostprocessing = 0;
			shellPath = /bin/sh;
			shellScript = "\"${SRCROOT}/Pods/Target Support Files/Pods-GreetingsGenerator-demo/Pods-GreetingsGenerator-demo-resources.sh\"\n";
			showEnvVarsInLog = 0;
		};
/* End PBXShellScriptBuildPhase section */

/* Begin PBXSourcesBuildPhase section */
		559D75571DCB94790005947A /* Sources */ = {
			isa = PBXSourcesBuildPhase;
			buildActionMask = 2147483647;
			files = (
				559D75611DCB94790005947A /* ViewController.swift in Sources */,
				559D755F1DCB94790005947A /* AppDelegate.swift in Sources */,
			);
			runOnlyForDeploymentPostprocessing = 0;
		};
/* End PBXSourcesBuildPhase section */

/* Begin PBXVariantGroup section */
		559D75671DCB94790005947A /* LaunchScreen.storyboard */ = {
			isa = PBXVariantGroup;
			children = (
				559D75681DCB94790005947A /* Base */,
			);
			name = LaunchScreen.storyboard;
			sourceTree = "<group>";
		};
/* End PBXVariantGroup section */

/* Begin XCBuildConfiguration section */
		559D756B1DCB94790005947A /* Debug */ = {
			isa = XCBuildConfiguration;
			buildSettings = {
				ALWAYS_SEARCH_USER_PATHS = NO;
				CLANG_ANALYZER_NONNULL = YES;
				CLANG_CXX_LANGUAGE_STANDARD = "gnu++0x";
				CLANG_CXX_LIBRARY = "libc++";
				CLANG_ENABLE_MODULES = YES;
				CLANG_ENABLE_OBJC_ARC = YES;
				CLANG_WARN_BOOL_CONVERSION = YES;
				CLANG_WARN_CONSTANT_CONVERSION = YES;
				CLANG_WARN_DIRECT_OBJC_ISA_USAGE = YES_ERROR;
				CLANG_WARN_DOCUMENTATION_COMMENTS = YES;
				CLANG_WARN_EMPTY_BODY = YES;
				CLANG_WARN_ENUM_CONVERSION = YES;
				CLANG_WARN_INFINITE_RECURSION = YES;
				CLANG_WARN_INT_CONVERSION = YES;
				CLANG_WARN_OBJC_ROOT_CLASS = YES_ERROR;
				CLANG_WARN_SUSPICIOUS_MOVES = YES;
				CLANG_WARN_UNREACHABLE_CODE = YES;
				CLANG_WARN__DUPLICATE_METHOD_MATCH = YES;
				"CODE_SIGN_IDENTITY[sdk=iphoneos*]" = "iPhone Developer";
				COPY_PHASE_STRIP = NO;
				DEBUG_INFORMATION_FORMAT = dwarf;
				ENABLE_STRICT_OBJC_MSGSEND = YES;
				ENABLE_TESTABILITY = YES;
				GCC_C_LANGUAGE_STANDARD = gnu99;
				GCC_DYNAMIC_NO_PIC = NO;
				GCC_NO_COMMON_BLOCKS = YES;
				GCC_OPTIMIZATION_LEVEL = 0;
				GCC_PREPROCESSOR_DEFINITIONS = (
					"DEBUG=1",
					"$(inherited)",
				);
				GCC_WARN_64_TO_32_BIT_CONVERSION = YES;
				GCC_WARN_ABOUT_RETURN_TYPE = YES_ERROR;
				GCC_WARN_UNDECLARED_SELECTOR = YES;
				GCC_WARN_UNINITIALIZED_AUTOS = YES_AGGRESSIVE;
				GCC_WARN_UNUSED_FUNCTION = YES;
				GCC_WARN_UNUSED_VARIABLE = YES;
				IPHONEOS_DEPLOYMENT_TARGET = 10.0;
				MTL_ENABLE_DEBUG_INFO = YES;
				ONLY_ACTIVE_ARCH = YES;
				SDKROOT = iphoneos;
				SWIFT_ACTIVE_COMPILATION_CONDITIONS = DEBUG;
				SWIFT_OPTIMIZATION_LEVEL = "-Onone";
			};
			name = Debug;
		};
		559D756C1DCB94790005947A /* Release */ = {
			isa = XCBuildConfiguration;
			buildSettings = {
				ALWAYS_SEARCH_USER_PATHS = NO;
				CLANG_ANALYZER_NONNULL = YES;
				CLANG_CXX_LANGUAGE_STANDARD = "gnu++0x";
				CLANG_CXX_LIBRARY = "libc++";
				CLANG_ENABLE_MODULES = YES;
				CLANG_ENABLE_OBJC_ARC = YES;
				CLANG_WARN_BOOL_CONVERSION = YES;
				CLANG_WARN_CONSTANT_CONVERSION = YES;
				CLANG_WARN_DIRECT_OBJC_ISA_USAGE = YES_ERROR;
				CLANG_WARN_DOCUMENTATION_COMMENTS = YES;
				CLANG_WARN_EMPTY_BODY = YES;
				CLANG_WARN_ENUM_CONVERSION = YES;
				CLANG_WARN_INFINITE_RECURSION = YES;
				CLANG_WARN_INT_CONVERSION = YES;
				CLANG_WARN_OBJC_ROOT_CLASS = YES_ERROR;
				CLANG_WARN_SUSPICIOUS_MOVES = YES;
				CLANG_WARN_UNREACHABLE_CODE = YES;
				CLANG_WARN__DUPLICATE_METHOD_MATCH = YES;
				"CODE_SIGN_IDENTITY[sdk=iphoneos*]" = "iPhone Developer";
				COPY_PHASE_STRIP = NO;
				DEBUG_INFORMATION_FORMAT = "dwarf-with-dsym";
				ENABLE_NS_ASSERTIONS = NO;
				ENABLE_STRICT_OBJC_MSGSEND = YES;
				GCC_C_LANGUAGE_STANDARD = gnu99;
				GCC_NO_COMMON_BLOCKS = YES;
				GCC_WARN_64_TO_32_BIT_CONVERSION = YES;
				GCC_WARN_ABOUT_RETURN_TYPE = YES_ERROR;
				GCC_WARN_UNDECLARED_SELECTOR = YES;
				GCC_WARN_UNINITIALIZED_AUTOS = YES_AGGRESSIVE;
				GCC_WARN_UNUSED_FUNCTION = YES;
				GCC_WARN_UNUSED_VARIABLE = YES;
				IPHONEOS_DEPLOYMENT_TARGET = 10.0;
				MTL_ENABLE_DEBUG_INFO = NO;
				SDKROOT = iphoneos;
				SWIFT_OPTIMIZATION_LEVEL = "-Owholemodule";
				VALIDATE_PRODUCT = YES;
			};
			name = Release;
		};
		559D756E1DCB94790005947A /* Debug */ = {
			isa = XCBuildConfiguration;
			baseConfigurationReference = 869B3D6D736E6E5F73FDE743 /* Pods-GreetingsGenerator-demo.debug.xcconfig */;
			buildSettings = {
				ASSETCATALOG_COMPILER_APPICON_NAME = AppIcon;
				INFOPLIST_FILE = "GreetingsGenerator-demo/Info.plist";
				LD_RUNPATH_SEARCH_PATHS = "$(inherited) @executable_path/Frameworks";
				PRODUCT_BUNDLE_IDENTIFIER = "com.makeschool.nikolasburk.GreetingsGenerator-demo";
				PRODUCT_NAME = "$(TARGET_NAME)";
				SWIFT_VERSION = 3.0;
			};
			name = Debug;
		};
		559D756F1DCB94790005947A /* Release */ = {
			isa = XCBuildConfiguration;
			baseConfigurationReference = 5F2C84A80D3841B051C3E3E7 /* Pods-GreetingsGenerator-demo.release.xcconfig */;
			buildSettings = {
				ASSETCATALOG_COMPILER_APPICON_NAME = AppIcon;
				INFOPLIST_FILE = "GreetingsGenerator-demo/Info.plist";
				LD_RUNPATH_SEARCH_PATHS = "$(inherited) @executable_path/Frameworks";
				PRODUCT_BUNDLE_IDENTIFIER = "com.makeschool.nikolasburk.GreetingsGenerator-demo";
				PRODUCT_NAME = "$(TARGET_NAME)";
				SWIFT_VERSION = 3.0;
			};
			name = Release;
		};
/* End XCBuildConfiguration section */

/* Begin XCConfigurationList section */
		559D75561DCB94790005947A /* Build configuration list for PBXProject "GreetingsGenerator-demo" */ = {
			isa = XCConfigurationList;
			buildConfigurations = (
				559D756B1DCB94790005947A /* Debug */,
				559D756C1DCB94790005947A /* Release */,
			);
			defaultConfigurationIsVisible = 0;
			defaultConfigurationName = Release;
		};
		559D756D1DCB94790005947A /* Build configuration list for PBXNativeTarget "GreetingsGenerator-demo" */ = {
			isa = XCConfigurationList;
			buildConfigurations = (
				559D756E1DCB94790005947A /* Debug */,
				559D756F1DCB94790005947A /* Release */,
			);
			defaultConfigurationIsVisible = 0;
		};
/* End XCConfigurationList section */
	};
	rootObject = 559D75531DCB94790005947A /* Project object */;
}
